
Microsoft Visual Studio Solution File, Format Version 12.00
# Visual Studio Version 17
VisualStudioVersion = 17.8.34330.188
MinimumVisualStudioVersion = 10.0.40219.1
Project("{2150E333-8FDC-42A3-9474-1A3956D46DE8}") = "Source", "Source", "{1EA494EC-0C5C-495E-B595-371A8D3BAF66}"
EndProject
Project("{2150E333-8FDC-42A3-9474-1A3956D46DE8}") = "Platforms", "Platforms", "{2FBFF4E1-0E70-43E3-B34F-06E5E9364FB2}"
EndProject
Project("{9A19103F-16F7-4668-BE54-9A1E7A4F7556}") = "POSnumber", "POSnumber\POSnumber\POSnumber.csproj", "{1D725187-0406-4DFF-A4C8-8F5660E62D67}"
EndProject
Project("{9A19103F-16F7-4668-BE54-9A1E7A4F7556}") = "POSnumber.Shared", "POSnumber\POSnumber.Shared\POSnumber.Shared.csproj", "{852B720C-165B-45C8-BC3F-D9F224BBD556}"
EndProject
Project("{9A19103F-16F7-4668-BE54-9A1E7A4F7556}") = "POSnumber.Mobile", "POSnumber\POSnumber.Mobile\POSnumber.Mobile.csproj", "{E046B43F-A566-4CD5-877A-12B7611B6106}"
EndProject
Project("{9A19103F-16F7-4668-BE54-9A1E7A4F7556}") = "POSnumber.Windows", "POSnumber\POSnumber.Windows\POSnumber.Windows.csproj", "{5BA6FFD3-83D0-42C1-9856-FDC65A585864}"
EndProject
Project("{9A19103F-16F7-4668-BE54-9A1E7A4F7556}") = "POSnumber.Wasm", "POSnumber\POSnumber.Wasm\POSnumber.Wasm.csproj", "{900F2DE1-15EC-402D-8A1E-A625BD6C0B35}"
EndProject
Project("{9A19103F-16F7-4668-BE54-9A1E7A4F7556}") = "POSnumber.Skia.Gtk", "POSnumber\POSnumber.Skia.Gtk\POSnumber.Skia.Gtk.csproj", "{9E4161E2-4D07-4E38-ABBF-F92DCB9B5F75}"
EndProject
Project("{2150E333-8FDC-42A3-9474-1A3956D46DE8}") = "Solution Items", "Solution Items", "{CE09456A-0E74-4B2D-8252-11ABAA907741}"
	ProjectSection(SolutionItems) = preProject
		POSnumber\.gitignore = POSnumber\.gitignore
		POSnumber\Directory.Build.props = POSnumber\Directory.Build.props
		POSnumber\Directory.Build.targets = POSnumber\Directory.Build.targets
		POSnumber\Directory.Packages.props = POSnumber\Directory.Packages.props
		POSnumber\solution-config.props.sample = POSnumber\solution-config.props.sample
	EndProjectSection
EndProject
Project("{FAE04EC0-301F-11D3-BF4B-00C04F79EFBC}") = "POSnumber.API", "POSnumber.API\POSnumber.API.csproj", "{71069395-4F31-4766-B90A-D1BB97BBC8CA}"
EndProject
Global
	GlobalSection(SolutionConfigurationPlatforms) = preSolution
		Debug|Any CPU = Debug|Any CPU
		Debug|arm64 = Debug|arm64
		Debug|x64 = Debug|x64
		Debug|x86 = Debug|x86
		Release|Any CPU = Release|Any CPU
		Release|arm64 = Release|arm64
		Release|x64 = Release|x64
		Release|x86 = Release|x86
	EndGlobalSection
	GlobalSection(ProjectConfigurationPlatforms) = postSolution
		{1D725187-0406-4DFF-A4C8-8F5660E62D67}.Debug|Any CPU.ActiveCfg = Debug|Any CPU
		{1D725187-0406-4DFF-A4C8-8F5660E62D67}.Debug|Any CPU.Build.0 = Debug|Any CPU
		{1D725187-0406-4DFF-A4C8-8F5660E62D67}.Debug|arm64.ActiveCfg = Debug|Any CPU
		{1D725187-0406-4DFF-A4C8-8F5660E62D67}.Debug|arm64.Build.0 = Debug|Any CPU
		{1D725187-0406-4DFF-A4C8-8F5660E62D67}.Debug|x64.ActiveCfg = Debug|Any CPU
		{1D725187-0406-4DFF-A4C8-8F5660E62D67}.Debug|x64.Build.0 = Debug|Any CPU
		{1D725187-0406-4DFF-A4C8-8F5660E62D67}.Debug|x86.ActiveCfg = Debug|Any CPU
		{1D725187-0406-4DFF-A4C8-8F5660E62D67}.Debug|x86.Build.0 = Debug|Any CPU
		{1D725187-0406-4DFF-A4C8-8F5660E62D67}.Release|Any CPU.ActiveCfg = Release|Any CPU
		{1D725187-0406-4DFF-A4C8-8F5660E62D67}.Release|Any CPU.Build.0 = Release|Any CPU
		{1D725187-0406-4DFF-A4C8-8F5660E62D67}.Release|arm64.ActiveCfg = Release|Any CPU
		{1D725187-0406-4DFF-A4C8-8F5660E62D67}.Release|arm64.Build.0 = Release|Any CPU
		{1D725187-0406-4DFF-A4C8-8F5660E62D67}.Release|x64.ActiveCfg = Release|Any CPU
		{1D725187-0406-4DFF-A4C8-8F5660E62D67}.Release|x64.Build.0 = Release|Any CPU
		{1D725187-0406-4DFF-A4C8-8F5660E62D67}.Release|x86.ActiveCfg = Release|Any CPU
		{1D725187-0406-4DFF-A4C8-8F5660E62D67}.Release|x86.Build.0 = Release|Any CPU
		{852B720C-165B-45C8-BC3F-D9F224BBD556}.Debug|Any CPU.ActiveCfg = Debug|Any CPU
		{852B720C-165B-45C8-BC3F-D9F224BBD556}.Debug|Any CPU.Build.0 = Debug|Any CPU
		{852B720C-165B-45C8-BC3F-D9F224BBD556}.Debug|arm64.ActiveCfg = Debug|Any CPU
		{852B720C-165B-45C8-BC3F-D9F224BBD556}.Debug|arm64.Build.0 = Debug|Any CPU
		{852B720C-165B-45C8-BC3F-D9F224BBD556}.Debug|x64.ActiveCfg = Debug|Any CPU
		{852B720C-165B-45C8-BC3F-D9F224BBD556}.Debug|x64.Build.0 = Debug|Any CPU
		{852B720C-165B-45C8-BC3F-D9F224BBD556}.Debug|x86.ActiveCfg = Debug|Any CPU
		{852B720C-165B-45C8-BC3F-D9F224BBD556}.Debug|x86.Build.0 = Debug|Any CPU
		{852B720C-165B-45C8-BC3F-D9F224BBD556}.Release|Any CPU.ActiveCfg = Release|Any CPU
		{852B720C-165B-45C8-BC3F-D9F224BBD556}.Release|Any CPU.Build.0 = Release|Any CPU
		{852B720C-165B-45C8-BC3F-D9F224BBD556}.Release|arm64.ActiveCfg = Release|Any CPU
		{852B720C-165B-45C8-BC3F-D9F224BBD556}.Release|arm64.Build.0 = Release|Any CPU
		{852B720C-165B-45C8-BC3F-D9F224BBD556}.Release|x64.ActiveCfg = Release|Any CPU
		{852B720C-165B-45C8-BC3F-D9F224BBD556}.Release|x64.Build.0 = Release|Any CPU
		{852B720C-165B-45C8-BC3F-D9F224BBD556}.Release|x86.ActiveCfg = Release|Any CPU
		{852B720C-165B-45C8-BC3F-D9F224BBD556}.Release|x86.Build.0 = Release|Any CPU
		{E046B43F-A566-4CD5-877A-12B7611B6106}.Debug|Any CPU.ActiveCfg = Debug|Any CPU
		{E046B43F-A566-4CD5-877A-12B7611B6106}.Debug|Any CPU.Build.0 = Debug|Any CPU
		{E046B43F-A566-4CD5-877A-12B7611B6106}.Debug|Any CPU.Deploy.0 = Debug|Any CPU
		{E046B43F-A566-4CD5-877A-12B7611B6106}.Debug|arm64.ActiveCfg = Debug|Any CPU
		{E046B43F-A566-4CD5-877A-12B7611B6106}.Debug|arm64.Build.0 = Debug|Any CPU
		{E046B43F-A566-4CD5-877A-12B7611B6106}.Debug|arm64.Deploy.0 = Debug|Any CPU
		{E046B43F-A566-4CD5-877A-12B7611B6106}.Debug|x64.ActiveCfg = Debug|Any CPU
		{E046B43F-A566-4CD5-877A-12B7611B6106}.Debug|x64.Build.0 = Debug|Any CPU
		{E046B43F-A566-4CD5-877A-12B7611B6106}.Debug|x64.Deploy.0 = Debug|Any CPU
		{E046B43F-A566-4CD5-877A-12B7611B6106}.Debug|x86.ActiveCfg = Debug|Any CPU
		{E046B43F-A566-4CD5-877A-12B7611B6106}.Debug|x86.Build.0 = Debug|Any CPU
		{E046B43F-A566-4CD5-877A-12B7611B6106}.Debug|x86.Deploy.0 = Debug|Any CPU
		{E046B43F-A566-4CD5-877A-12B7611B6106}.Release|Any CPU.ActiveCfg = Release|Any CPU
		{E046B43F-A566-4CD5-877A-12B7611B6106}.Release|Any CPU.Build.0 = Release|Any CPU
		{E046B43F-A566-4CD5-877A-12B7611B6106}.Release|Any CPU.Deploy.0 = Release|Any CPU
		{E046B43F-A566-4CD5-877A-12B7611B6106}.Release|arm64.ActiveCfg = Release|Any CPU
		{E046B43F-A566-4CD5-877A-12B7611B6106}.Release|arm64.Build.0 = Release|Any CPU
		{E046B43F-A566-4CD5-877A-12B7611B6106}.Release|arm64.Deploy.0 = Release|Any CPU
		{E046B43F-A566-4CD5-877A-12B7611B6106}.Release|x64.ActiveCfg = Release|Any CPU
		{E046B43F-A566-4CD5-877A-12B7611B6106}.Release|x64.Build.0 = Release|Any CPU
		{E046B43F-A566-4CD5-877A-12B7611B6106}.Release|x64.Deploy.0 = Release|Any CPU
		{E046B43F-A566-4CD5-877A-12B7611B6106}.Release|x86.ActiveCfg = Release|Any CPU
		{E046B43F-A566-4CD5-877A-12B7611B6106}.Release|x86.Build.0 = Release|Any CPU
		{E046B43F-A566-4CD5-877A-12B7611B6106}.Release|x86.Deploy.0 = Release|Any CPU
		{5BA6FFD3-83D0-42C1-9856-FDC65A585864}.Debug|Any CPU.ActiveCfg = Debug|x64
		{5BA6FFD3-83D0-42C1-9856-FDC65A585864}.Debug|Any CPU.Build.0 = Debug|x64
		{5BA6FFD3-83D0-42C1-9856-FDC65A585864}.Debug|Any CPU.Deploy.0 = Debug|x64
		{5BA6FFD3-83D0-42C1-9856-FDC65A585864}.Debug|arm64.ActiveCfg = Debug|arm64
		{5BA6FFD3-83D0-42C1-9856-FDC65A585864}.Debug|arm64.Build.0 = Debug|arm64
		{5BA6FFD3-83D0-42C1-9856-FDC65A585864}.Debug|arm64.Deploy.0 = Debug|arm64
		{5BA6FFD3-83D0-42C1-9856-FDC65A585864}.Debug|x64.ActiveCfg = Debug|x64
		{5BA6FFD3-83D0-42C1-9856-FDC65A585864}.Debug|x64.Build.0 = Debug|x64
		{5BA6FFD3-83D0-42C1-9856-FDC65A585864}.Debug|x64.Deploy.0 = Debug|x64
		{5BA6FFD3-83D0-42C1-9856-FDC65A585864}.Debug|x86.ActiveCfg = Debug|x86
		{5BA6FFD3-83D0-42C1-9856-FDC65A585864}.Debug|x86.Build.0 = Debug|x86
		{5BA6FFD3-83D0-42C1-9856-FDC65A585864}.Debug|x86.Deploy.0 = Debug|x86
		{5BA6FFD3-83D0-42C1-9856-FDC65A585864}.Release|Any CPU.ActiveCfg = Release|x64
		{5BA6FFD3-83D0-42C1-9856-FDC65A585864}.Release|Any CPU.Build.0 = Release|x64
		{5BA6FFD3-83D0-42C1-9856-FDC65A585864}.Release|Any CPU.Deploy.0 = Release|x64
		{5BA6FFD3-83D0-42C1-9856-FDC65A585864}.Release|arm64.ActiveCfg = Release|arm64
		{5BA6FFD3-83D0-42C1-9856-FDC65A585864}.Release|arm64.Build.0 = Release|arm64
		{5BA6FFD3-83D0-42C1-9856-FDC65A585864}.Release|arm64.Deploy.0 = Release|arm64
		{5BA6FFD3-83D0-42C1-9856-FDC65A585864}.Release|x64.ActiveCfg = Release|x64
		{5BA6FFD3-83D0-42C1-9856-FDC65A585864}.Release|x64.Build.0 = Release|x64
		{5BA6FFD3-83D0-42C1-9856-FDC65A585864}.Release|x64.Deploy.0 = Release|x64
		{5BA6FFD3-83D0-42C1-9856-FDC65A585864}.Release|x86.ActiveCfg = Release|x86
		{5BA6FFD3-83D0-42C1-9856-FDC65A585864}.Release|x86.Build.0 = Release|x86
		{5BA6FFD3-83D0-42C1-9856-FDC65A585864}.Release|x86.Deploy.0 = Release|x86
		{900F2DE1-15EC-402D-8A1E-A625BD6C0B35}.Debug|Any CPU.ActiveCfg = Debug|Any CPU
		{900F2DE1-15EC-402D-8A1E-A625BD6C0B35}.Debug|Any CPU.Build.0 = Debug|Any CPU
		{900F2DE1-15EC-402D-8A1E-A625BD6C0B35}.Debug|arm64.ActiveCfg = Debug|Any CPU
		{900F2DE1-15EC-402D-8A1E-A625BD6C0B35}.Debug|arm64.Build.0 = Debug|Any CPU
		{900F2DE1-15EC-402D-8A1E-A625BD6C0B35}.Debug|x64.ActiveCfg = Debug|Any CPU
		{900F2DE1-15EC-402D-8A1E-A625BD6C0B35}.Debug|x64.Build.0 = Debug|Any CPU
		{900F2DE1-15EC-402D-8A1E-A625BD6C0B35}.Debug|x86.ActiveCfg = Debug|Any CPU
		{900F2DE1-15EC-402D-8A1E-A625BD6C0B35}.Debug|x86.Build.0 = Debug|Any CPU
		{900F2DE1-15EC-402D-8A1E-A625BD6C0B35}.Release|Any CPU.ActiveCfg = Release|Any CPU
		{900F2DE1-15EC-402D-8A1E-A625BD6C0B35}.Release|Any CPU.Build.0 = Release|Any CPU
		{900F2DE1-15EC-402D-8A1E-A625BD6C0B35}.Release|arm64.ActiveCfg = Release|Any CPU
		{900F2DE1-15EC-402D-8A1E-A625BD6C0B35}.Release|arm64.Build.0 = Release|Any CPU
		{900F2DE1-15EC-402D-8A1E-A625BD6C0B35}.Release|x64.ActiveCfg = Release|Any CPU
		{900F2DE1-15EC-402D-8A1E-A625BD6C0B35}.Release|x64.Build.0 = Release|Any CPU
		{900F2DE1-15EC-402D-8A1E-A625BD6C0B35}.Release|x86.ActiveCfg = Release|Any CPU
		{900F2DE1-15EC-402D-8A1E-A625BD6C0B35}.Release|x86.Build.0 = Release|Any CPU
		{9E4161E2-4D07-4E38-ABBF-F92DCB9B5F75}.Debug|Any CPU.ActiveCfg = Debug|Any CPU
		{9E4161E2-4D07-4E38-ABBF-F92DCB9B5F75}.Debug|Any CPU.Build.0 = Debug|Any CPU
		{9E4161E2-4D07-4E38-ABBF-F92DCB9B5F75}.Debug|arm64.ActiveCfg = Debug|Any CPU
		{9E4161E2-4D07-4E38-ABBF-F92DCB9B5F75}.Debug|arm64.Build.0 = Debug|Any CPU
		{9E4161E2-4D07-4E38-ABBF-F92DCB9B5F75}.Debug|x64.ActiveCfg = Debug|Any CPU
		{9E4161E2-4D07-4E38-ABBF-F92DCB9B5F75}.Debug|x64.Build.0 = Debug|Any CPU
		{9E4161E2-4D07-4E38-ABBF-F92DCB9B5F75}.Debug|x86.ActiveCfg = Debug|Any CPU
		{9E4161E2-4D07-4E38-ABBF-F92DCB9B5F75}.Debug|x86.Build.0 = Debug|Any CPU
		{9E4161E2-4D07-4E38-ABBF-F92DCB9B5F75}.Release|Any CPU.ActiveCfg = Release|Any CPU
		{9E4161E2-4D07-4E38-ABBF-F92DCB9B5F75}.Release|Any CPU.Build.0 = Release|Any CPU
		{9E4161E2-4D07-4E38-ABBF-F92DCB9B5F75}.Release|arm64.ActiveCfg = Release|Any CPU
		{9E4161E2-4D07-4E38-ABBF-F92DCB9B5F75}.Release|arm64.Build.0 = Release|Any CPU
		{9E4161E2-4D07-4E38-ABBF-F92DCB9B5F75}.Release|x64.ActiveCfg = Release|Any CPU
		{9E4161E2-4D07-4E38-ABBF-F92DCB9B5F75}.Release|x64.Build.0 = Release|Any CPU
		{9E4161E2-4D07-4E38-ABBF-F92DCB9B5F75}.Release|x86.ActiveCfg = Release|Any CPU
		{9E4161E2-4D07-4E38-ABBF-F92DCB9B5F75}.Release|x86.Build.0 = Release|Any CPU
		{71069395-4F31-4766-B90A-D1BB97BBC8CA}.Debug|Any CPU.ActiveCfg = Debug|Any CPU
		{71069395-4F31-4766-B90A-D1BB97BBC8CA}.Debug|Any CPU.Build.0 = Debug|Any CPU
		{71069395-4F31-4766-B90A-D1BB97BBC8CA}.Debug|arm64.ActiveCfg = Debug|Any CPU
		{71069395-4F31-4766-B90A-D1BB97BBC8CA}.Debug|arm64.Build.0 = Debug|Any CPU
		{71069395-4F31-4766-B90A-D1BB97BBC8CA}.Debug|x64.ActiveCfg = Debug|Any CPU
		{71069395-4F31-4766-B90A-D1BB97BBC8CA}.Debug|x64.Build.0 = Debug|Any CPU
		{71069395-4F31-4766-B90A-D1BB97BBC8CA}.Debug|x86.ActiveCfg = Debug|Any CPU
		{71069395-4F31-4766-B90A-D1BB97BBC8CA}.Debug|x86.Build.0 = Debug|Any CPU
		{71069395-4F31-4766-B90A-D1BB97BBC8CA}.Release|Any CPU.ActiveCfg = Release|Any CPU
		{71069395-4F31-4766-B90A-D1BB97BBC8CA}.Release|Any CPU.Build.0 = Release|Any CPU
		{71069395-4F31-4766-B90A-D1BB97BBC8CA}.Release|arm64.ActiveCfg = Release|Any CPU
		{71069395-4F31-4766-B90A-D1BB97BBC8CA}.Release|arm64.Build.0 = Release|Any CPU
		{71069395-4F31-4766-B90A-D1BB97BBC8CA}.Release|x64.ActiveCfg = Release|Any CPU
		{71069395-4F31-4766-B90A-D1BB97BBC8CA}.Release|x64.Build.0 = Release|Any CPU
		{71069395-4F31-4766-B90A-D1BB97BBC8CA}.Release|x86.ActiveCfg = Release|Any CPU
		{71069395-4F31-4766-B90A-D1BB97BBC8CA}.Release|x86.Build.0 = Release|Any CPU
	EndGlobalSection
	GlobalSection(SolutionProperties) = preSolution
		HideSolutionNode = FALSE
	EndGlobalSection
	GlobalSection(NestedProjects) = preSolution
		{2FBFF4E1-0E70-43E3-B34F-06E5E9364FB2} = {1EA494EC-0C5C-495E-B595-371A8D3BAF66}
		{1D725187-0406-4DFF-A4C8-8F5660E62D67} = {1EA494EC-0C5C-495E-B595-371A8D3BAF66}
		{852B720C-165B-45C8-BC3F-D9F224BBD556} = {2FBFF4E1-0E70-43E3-B34F-06E5E9364FB2}
		{E046B43F-A566-4CD5-877A-12B7611B6106} = {2FBFF4E1-0E70-43E3-B34F-06E5E9364FB2}
		{5BA6FFD3-83D0-42C1-9856-FDC65A585864} = {2FBFF4E1-0E70-43E3-B34F-06E5E9364FB2}
		{900F2DE1-15EC-402D-8A1E-A625BD6C0B35} = {2FBFF4E1-0E70-43E3-B34F-06E5E9364FB2}
		{9E4161E2-4D07-4E38-ABBF-F92DCB9B5F75} = {2FBFF4E1-0E70-43E3-B34F-06E5E9364FB2}
		{71069395-4F31-4766-B90A-D1BB97BBC8CA} = {1EA494EC-0C5C-495E-B595-371A8D3BAF66}
	EndGlobalSection
	GlobalSection(ExtensibilityGlobals) = postSolution
		SolutionGuid = {C52D8907-F598-4772-A6CF-092CA8DA1262}
	EndGlobalSection
EndGlobal
